
Microsoft Visual Studio Solution File, Format Version 12.00
# Visual Studio 15
VisualStudioVersion = 15.0.27428.2015
MinimumVisualStudioVersion = 10.0.40219.1
Project("{FAE04EC0-301F-11D3-BF4B-00C04F79EFBC}") = "RimworldRendererMod", "RimworldRendererMod.csproj", "{FC10585B-9182-4314-8F76-8AE4E0E5DB87}"
EndProject
Project("{FAE04EC0-301F-11D3-BF4B-00C04F79EFBC}") = "Common", "..\Common\Common.csproj", "{80E401EB-5BD9-4A72-885E-5924E9719FF7}"
EndProject
Project("{FAE04EC0-301F-11D3-BF4B-00C04F79EFBC}") = "RemoteRenderer", "..\RemoteRenderer\RemoteRenderer.csproj", "{486C249F-6853-4D45-870B-476349FBE29B}"
EndProject
Project("{FAE04EC0-301F-11D3-BF4B-00C04F79EFBC}") = "Testing", "..\Testing\Testing.csproj", "{5D2AD930-79AF-4DB8-A14F-F7AB64B1FA42}"
EndProject
Project("{FAE04EC0-301F-11D3-BF4B-00C04F79EFBC}") = "CommonV2", "..\CommonV2\CommonV2.csproj", "{3472C90A-FBBD-4A0A-B4DF-348517CC3B1C}"
EndProject
Global
	GlobalSection(SolutionConfigurationPlatforms) = preSolution
		Debug|Any CPU = Debug|Any CPU
		Release|Any CPU = Release|Any CPU
	EndGlobalSection
	GlobalSection(ProjectConfigurationPlatforms) = postSolution
		{FC10585B-9182-4314-8F76-8AE4E0E5DB87}.Debug|Any CPU.ActiveCfg = Debug|Any CPU
		{FC10585B-9182-4314-8F76-8AE4E0E5DB87}.Debug|Any CPU.Build.0 = Debug|Any CPU
		{FC10585B-9182-4314-8F76-8AE4E0E5DB87}.Release|Any CPU.ActiveCfg = Release|Any CPU
		{FC10585B-9182-4314-8F76-8AE4E0E5DB87}.Release|Any CPU.Build.0 = Release|Any CPU
		{80E401EB-5BD9-4A72-885E-5924E9719FF7}.Debug|Any CPU.ActiveCfg = Debug|Any CPU
		{80E401EB-5BD9-4A72-885E-5924E9719FF7}.Debug|Any CPU.Build.0 = Debug|Any CPU
		{80E401EB-5BD9-4A72-885E-5924E9719FF7}.Release|Any CPU.ActiveCfg = Release|Any CPU
		{80E401EB-5BD9-4A72-885E-5924E9719FF7}.Release|Any CPU.Build.0 = Release|Any CPU
		{486C249F-6853-4D45-870B-476349FBE29B}.Debug|Any CPU.ActiveCfg = Debug|Any CPU
		{486C249F-6853-4D45-870B-476349FBE29B}.Debug|Any CPU.Build.0 = Debug|Any CPU
		{486C249F-6853-4D45-870B-476349FBE29B}.Release|Any CPU.ActiveCfg = Release|Any CPU
		{486C249F-6853-4D45-870B-476349FBE29B}.Release|Any CPU.Build.0 = Release|Any CPU
		{5D2AD930-79AF-4DB8-A14F-F7AB64B1FA42}.Debug|Any CPU.ActiveCfg = Debug|Any CPU
		{5D2AD930-79AF-4DB8-A14F-F7AB64B1FA42}.Debug|Any CPU.Build.0 = Debug|Any CPU
		{5D2AD930-79AF-4DB8-A14F-F7AB64B1FA42}.Release|Any CPU.ActiveCfg = Release|Any CPU
		{5D2AD930-79AF-4DB8-A14F-F7AB64B1FA42}.Release|Any CPU.Build.0 = Release|Any CPU
		{3472C90A-FBBD-4A0A-B4DF-348517CC3B1C}.Debug|Any CPU.ActiveCfg = Debug|Any CPU
		{3472C90A-FBBD-4A0A-B4DF-348517CC3B1C}.Debug|Any CPU.Build.0 = Debug|Any CPU
		{3472C90A-FBBD-4A0A-B4DF-348517CC3B1C}.Release|Any CPU.ActiveCfg = Release|Any CPU
		{3472C90A-FBBD-4A0A-B4DF-348517CC3B1C}.Release|Any CPU.Build.0 = Release|Any CPU
	EndGlobalSection
	GlobalSection(SolutionProperties) = preSolution
		HideSolutionNode = FALSE
	EndGlobalSection
	GlobalSection(ExtensibilityGlobals) = postSolution
		SolutionGuid = {CEEDFA2F-51E5-491E-BA3D-7E8159829AAE}
	EndGlobalSection
EndGlobal
